
Microsoft Visual Studio Solution File, Format Version 12.00
# Visual Studio Version 16
VisualStudioVersion = 16.0.31112.23
MinimumVisualStudioVersion = 10.0.40219.1
Project("{2150E333-8FDC-42A3-9474-1A3956D46DE8}") = "src", "src", "{E47E4F86-13A6-4617-9772-BB1140FDBAFA}"
EndProject
Project("{2150E333-8FDC-42A3-9474-1A3956D46DE8}") = "Client", "Client", "{A0E78C8A-9A0B-443D-AC36-1701E1B5F2EE}"
EndProject
Project("{9A19103F-16F7-4668-BE54-9A1E7A4F7556}") = "WebStore", "src\Client\WebStore\WebStore.csproj", "{AADBD584-4E78-4410-A803-8424FF0527C8}"
EndProject
Project("{2150E333-8FDC-42A3-9474-1A3956D46DE8}") = "Common", "Common", "{C098920E-0ED8-4C83-A131-11648D7BFEE1}"
EndProject
Project("{9A19103F-16F7-4668-BE54-9A1E7A4F7556}") = "Core", "src\Common\Core\Core.csproj", "{FC218B65-943D-48E2-B06B-0B51D80C9BC1}"
EndProject
Project("{9A19103F-16F7-4668-BE54-9A1E7A4F7556}") = "Infrastructure", "src\Common\Infrastructure\Infrastructure.csproj", "{5F1068DE-86FE-4C37-8306-F7B0CF46AE1F}"
EndProject
Project("{2150E333-8FDC-42A3-9474-1A3956D46DE8}") = "Services", "Services", "{B3BD26C9-8906-4BB8-AC88-F4D4DF6BEB24}"
EndProject
Project("{2150E333-8FDC-42A3-9474-1A3956D46DE8}") = "Catalog", "Catalog", "{BE3C6906-DCD6-4D29-84E4-A201F0F60BC1}"
EndProject
Project("{9A19103F-16F7-4668-BE54-9A1E7A4F7556}") = "Catalog.Core", "src\Services\Catalog\Catalog.Core\Catalog.Core.csproj", "{1FF9347E-0697-4F69-A001-74772E1F4D00}"
EndProject
Project("{9A19103F-16F7-4668-BE54-9A1E7A4F7556}") = "Catalog.Infrastructure", "src\Services\Catalog\Catalog.Infrastructure\Catalog.Infrastructure.csproj", "{F4857C33-3FBD-4D77-85F7-745C06878CB0}"
EndProject
Project("{9A19103F-16F7-4668-BE54-9A1E7A4F7556}") = "Catalog.Application", "src\Services\Catalog\Catalog.Application\Catalog.Application.csproj", "{7D242AA0-A4BB-40BA-B52A-1D0EEE7AD2B3}"
EndProject
Project("{9A19103F-16F7-4668-BE54-9A1E7A4F7556}") = "Catalog.Api", "src\Services\Catalog\Catalog.Api\Catalog.Api.csproj", "{01910FF6-8385-4816-BE42-CE9E00F64AE5}"
EndProject
Project("{2150E333-8FDC-42A3-9474-1A3956D46DE8}") = "ApiGateway", "ApiGateway", "{EC244BD5-78EA-41D4-804B-D25F5ED06444}"
EndProject
Project("{9A19103F-16F7-4668-BE54-9A1E7A4F7556}") = "ApiGateway.Web", "src\ApiGateway\ApiGateway.Web\ApiGateway.Web.csproj", "{F78A1A29-A5B5-4E4B-B2DC-11A0215C7D62}"
EndProject
Project("{2150E333-8FDC-42A3-9474-1A3956D46DE8}") = "Basket", "Basket", "{EA26FA72-E1FC-46EA-A3FB-20F28354F3AB}"
EndProject
Project("{9A19103F-16F7-4668-BE54-9A1E7A4F7556}") = "Basket.Core", "src\Services\Basket\Basket.Core\Basket.Core.csproj", "{8DBC9230-3307-4D10-9D9C-404D7A4615A6}"
EndProject
Project("{9A19103F-16F7-4668-BE54-9A1E7A4F7556}") = "Basket.Infrastructure", "src\Services\Basket\Basket.Infrastructure\Basket.Infrastructure.csproj", "{FDF2A301-AF78-400D-A6FA-664619160D9C}"
EndProject
Project("{9A19103F-16F7-4668-BE54-9A1E7A4F7556}") = "Basket.Application", "src\Services\Basket\Basket.Application\Basket.Application.csproj", "{F76C4870-6728-4631-8EE1-4FFBCDC81768}"
EndProject
Project("{9A19103F-16F7-4668-BE54-9A1E7A4F7556}") = "Basket.Api", "src\Services\Basket\Basket.Api\Basket.Api.csproj", "{E60D9665-708C-482A-B491-B848E990091E}"
EndProject
Project("{2150E333-8FDC-42A3-9474-1A3956D46DE8}") = "Discount", "Discount", "{5CE29668-9362-4010-9F85-CEE12D584712}"
EndProject
Project("{9A19103F-16F7-4668-BE54-9A1E7A4F7556}") = "Discount.Api", "src\Services\Discount\Discount.Api\Discount.Api.csproj", "{A20A9D79-1CF5-4245-A798-9A21F0FB5F6D}"
EndProject
Project("{9A19103F-16F7-4668-BE54-9A1E7A4F7556}") = "Discount.Grpc", "src\Services\Discount\Discount.Grpc\Discount.Grpc.csproj", "{49B12E86-3352-43CA-A566-B386934F2AFD}"
EndProject
Project("{9A19103F-16F7-4668-BE54-9A1E7A4F7556}") = "Discount.Core", "src\Services\Discount\Discount.Core\Discount.Core.csproj", "{C2767116-F7F6-4354-A033-0B9DE6DC2A4B}"
EndProject
Project("{2150E333-8FDC-42A3-9474-1A3956D46DE8}") = "Ordering", "Ordering", "{6F157475-F22C-48A8-BEFA-7D07639487E3}"
EndProject
Project("{9A19103F-16F7-4668-BE54-9A1E7A4F7556}") = "Ordering.Core", "src\Services\Ordering\Ordering.Core\Ordering.Core.csproj", "{06ABC66E-6552-4C1C-9CDE-B0E7643CCF44}"
EndProject
Project("{9A19103F-16F7-4668-BE54-9A1E7A4F7556}") = "Ordering.Infrastructure", "src\Services\Ordering\Ordering.Infrastructure\Ordering.Infrastructure.csproj", "{2E229EFA-7238-4FED-9AA6-81FAA4C48B95}"
EndProject
Project("{9A19103F-16F7-4668-BE54-9A1E7A4F7556}") = "Ordering.Application", "src\Services\Ordering\Ordering.Application\Ordering.Application.csproj", "{9369D4E8-D88E-4D75-8407-3ECC128D8008}"
EndProject
Project("{9A19103F-16F7-4668-BE54-9A1E7A4F7556}") = "Ordering.Api", "src\Services\Ordering\Ordering.Api\Ordering.Api.csproj", "{B5FCDC0F-29F8-404F-ACFE-91A68FF55601}"
EndProject
Project("{9A19103F-16F7-4668-BE54-9A1E7A4F7556}") = "EventBus.Messages", "src\Common\EventBus.Messages\EventBus.Messages.csproj", "{7EB93D14-F255-445F-8481-FF2AB3D756DA}"
EndProject
Project("{2150E333-8FDC-42A3-9474-1A3956D46DE8}") = "UserAuthentication", "UserAuthentication", "{5AFE98AA-638D-46C4-AD4A-DAAD91561E2B}"
EndProject
Project("{9A19103F-16F7-4668-BE54-9A1E7A4F7556}") = "UserAuthentication.Core", "src\Services\UserAuthentication\UserAuthentication.Core\UserAuthentication.Core.csproj", "{900F7DBF-A55C-45C4-B8D8-29C6B4B82301}"
EndProject
Project("{9A19103F-16F7-4668-BE54-9A1E7A4F7556}") = "UserAuthentication.Infrastructure", "src\services\UserAuthentication\UserAuthentication.Infrastructure\UserAuthentication.Infrastructure.csproj", "{A94AD1EA-9F35-4E30-8D74-B430601EFFCF}"
EndProject
Project("{9A19103F-16F7-4668-BE54-9A1E7A4F7556}") = "UserAuthentication.Api", "src\services\UserAuthentication\UserAuthentication.Api\UserAuthentication.Api.csproj", "{F28E60B2-3CDD-49DE-9221-D1E5381212E9}"
EndProject
Project("{2150E333-8FDC-42A3-9474-1A3956D46DE8}") = "IdentityServer", "IdentityServer", "{8BC9B613-1A58-4193-8F1B-E706FE7F868B}"
EndProject
Project("{9A19103F-16F7-4668-BE54-9A1E7A4F7556}") = "IdentityServer", "src\IdentityServer\IdentityServer\IdentityServer.csproj", "{ECD21557-3003-41D2-9B03-5175F160129E}"
EndProject
Project("{9A19103F-16F7-4668-BE54-9A1E7A4F7556}") = "IdentityServer.Test", "src\IdentityServer\IdentityServer.Test\IdentityServer.Test.csproj", "{40C686CF-12FA-4FBA-AC28-EAD4F37B50BC}"
EndProject
Project("{9A19103F-16F7-4668-BE54-9A1E7A4F7556}") = "Discount.Infrastructure", "src\Services\Discount\Discount.Infrastructure\Discount.Infrastructure.csproj", "{60AA279B-C8EF-4220-89D5-295741ABFFAC}"
EndProject
Global
	GlobalSection(SolutionConfigurationPlatforms) = preSolution
		Debug|Any CPU = Debug|Any CPU
		Release|Any CPU = Release|Any CPU
	EndGlobalSection
	GlobalSection(ProjectConfigurationPlatforms) = postSolution
		{AADBD584-4E78-4410-A803-8424FF0527C8}.Debug|Any CPU.ActiveCfg = Debug|Any CPU
		{AADBD584-4E78-4410-A803-8424FF0527C8}.Debug|Any CPU.Build.0 = Debug|Any CPU
		{AADBD584-4E78-4410-A803-8424FF0527C8}.Release|Any CPU.ActiveCfg = Release|Any CPU
		{AADBD584-4E78-4410-A803-8424FF0527C8}.Release|Any CPU.Build.0 = Release|Any CPU
		{FC218B65-943D-48E2-B06B-0B51D80C9BC1}.Debug|Any CPU.ActiveCfg = Debug|Any CPU
		{FC218B65-943D-48E2-B06B-0B51D80C9BC1}.Debug|Any CPU.Build.0 = Debug|Any CPU
		{FC218B65-943D-48E2-B06B-0B51D80C9BC1}.Release|Any CPU.ActiveCfg = Release|Any CPU
		{FC218B65-943D-48E2-B06B-0B51D80C9BC1}.Release|Any CPU.Build.0 = Release|Any CPU
		{5F1068DE-86FE-4C37-8306-F7B0CF46AE1F}.Debug|Any CPU.ActiveCfg = Debug|Any CPU
		{5F1068DE-86FE-4C37-8306-F7B0CF46AE1F}.Debug|Any CPU.Build.0 = Debug|Any CPU
		{5F1068DE-86FE-4C37-8306-F7B0CF46AE1F}.Release|Any CPU.ActiveCfg = Release|Any CPU
		{5F1068DE-86FE-4C37-8306-F7B0CF46AE1F}.Release|Any CPU.Build.0 = Release|Any CPU
		{1FF9347E-0697-4F69-A001-74772E1F4D00}.Debug|Any CPU.ActiveCfg = Debug|Any CPU
		{1FF9347E-0697-4F69-A001-74772E1F4D00}.Debug|Any CPU.Build.0 = Debug|Any CPU
		{1FF9347E-0697-4F69-A001-74772E1F4D00}.Release|Any CPU.ActiveCfg = Release|Any CPU
		{1FF9347E-0697-4F69-A001-74772E1F4D00}.Release|Any CPU.Build.0 = Release|Any CPU
		{F4857C33-3FBD-4D77-85F7-745C06878CB0}.Debug|Any CPU.ActiveCfg = Debug|Any CPU
		{F4857C33-3FBD-4D77-85F7-745C06878CB0}.Debug|Any CPU.Build.0 = Debug|Any CPU
		{F4857C33-3FBD-4D77-85F7-745C06878CB0}.Release|Any CPU.ActiveCfg = Release|Any CPU
		{F4857C33-3FBD-4D77-85F7-745C06878CB0}.Release|Any CPU.Build.0 = Release|Any CPU
		{7D242AA0-A4BB-40BA-B52A-1D0EEE7AD2B3}.Debug|Any CPU.ActiveCfg = Debug|Any CPU
		{7D242AA0-A4BB-40BA-B52A-1D0EEE7AD2B3}.Debug|Any CPU.Build.0 = Debug|Any CPU
		{7D242AA0-A4BB-40BA-B52A-1D0EEE7AD2B3}.Release|Any CPU.ActiveCfg = Release|Any CPU
		{7D242AA0-A4BB-40BA-B52A-1D0EEE7AD2B3}.Release|Any CPU.Build.0 = Release|Any CPU
		{01910FF6-8385-4816-BE42-CE9E00F64AE5}.Debug|Any CPU.ActiveCfg = Debug|Any CPU
		{01910FF6-8385-4816-BE42-CE9E00F64AE5}.Debug|Any CPU.Build.0 = Debug|Any CPU
		{01910FF6-8385-4816-BE42-CE9E00F64AE5}.Release|Any CPU.ActiveCfg = Release|Any CPU
		{01910FF6-8385-4816-BE42-CE9E00F64AE5}.Release|Any CPU.Build.0 = Release|Any CPU
		{F78A1A29-A5B5-4E4B-B2DC-11A0215C7D62}.Debug|Any CPU.ActiveCfg = Debug|Any CPU
		{F78A1A29-A5B5-4E4B-B2DC-11A0215C7D62}.Debug|Any CPU.Build.0 = Debug|Any CPU
		{F78A1A29-A5B5-4E4B-B2DC-11A0215C7D62}.Release|Any CPU.ActiveCfg = Release|Any CPU
		{F78A1A29-A5B5-4E4B-B2DC-11A0215C7D62}.Release|Any CPU.Build.0 = Release|Any CPU
		{8DBC9230-3307-4D10-9D9C-404D7A4615A6}.Debug|Any CPU.ActiveCfg = Debug|Any CPU
		{8DBC9230-3307-4D10-9D9C-404D7A4615A6}.Debug|Any CPU.Build.0 = Debug|Any CPU
		{8DBC9230-3307-4D10-9D9C-404D7A4615A6}.Release|Any CPU.ActiveCfg = Release|Any CPU
		{8DBC9230-3307-4D10-9D9C-404D7A4615A6}.Release|Any CPU.Build.0 = Release|Any CPU
		{FDF2A301-AF78-400D-A6FA-664619160D9C}.Debug|Any CPU.ActiveCfg = Debug|Any CPU
		{FDF2A301-AF78-400D-A6FA-664619160D9C}.Debug|Any CPU.Build.0 = Debug|Any CPU
		{FDF2A301-AF78-400D-A6FA-664619160D9C}.Release|Any CPU.ActiveCfg = Release|Any CPU
		{FDF2A301-AF78-400D-A6FA-664619160D9C}.Release|Any CPU.Build.0 = Release|Any CPU
		{F76C4870-6728-4631-8EE1-4FFBCDC81768}.Debug|Any CPU.ActiveCfg = Debug|Any CPU
		{F76C4870-6728-4631-8EE1-4FFBCDC81768}.Debug|Any CPU.Build.0 = Debug|Any CPU
		{F76C4870-6728-4631-8EE1-4FFBCDC81768}.Release|Any CPU.ActiveCfg = Release|Any CPU
		{F76C4870-6728-4631-8EE1-4FFBCDC81768}.Release|Any CPU.Build.0 = Release|Any CPU
		{E60D9665-708C-482A-B491-B848E990091E}.Debug|Any CPU.ActiveCfg = Debug|Any CPU
		{E60D9665-708C-482A-B491-B848E990091E}.Debug|Any CPU.Build.0 = Debug|Any CPU
		{E60D9665-708C-482A-B491-B848E990091E}.Release|Any CPU.ActiveCfg = Release|Any CPU
		{E60D9665-708C-482A-B491-B848E990091E}.Release|Any CPU.Build.0 = Release|Any CPU
		{A20A9D79-1CF5-4245-A798-9A21F0FB5F6D}.Debug|Any CPU.ActiveCfg = Debug|Any CPU
		{A20A9D79-1CF5-4245-A798-9A21F0FB5F6D}.Debug|Any CPU.Build.0 = Debug|Any CPU
		{A20A9D79-1CF5-4245-A798-9A21F0FB5F6D}.Release|Any CPU.ActiveCfg = Release|Any CPU
		{A20A9D79-1CF5-4245-A798-9A21F0FB5F6D}.Release|Any CPU.Build.0 = Release|Any CPU
		{49B12E86-3352-43CA-A566-B386934F2AFD}.Debug|Any CPU.ActiveCfg = Debug|Any CPU
		{49B12E86-3352-43CA-A566-B386934F2AFD}.Debug|Any CPU.Build.0 = Debug|Any CPU
		{49B12E86-3352-43CA-A566-B386934F2AFD}.Release|Any CPU.ActiveCfg = Release|Any CPU
		{49B12E86-3352-43CA-A566-B386934F2AFD}.Release|Any CPU.Build.0 = Release|Any CPU
		{C2767116-F7F6-4354-A033-0B9DE6DC2A4B}.Debug|Any CPU.ActiveCfg = Debug|Any CPU
		{C2767116-F7F6-4354-A033-0B9DE6DC2A4B}.Debug|Any CPU.Build.0 = Debug|Any CPU
		{C2767116-F7F6-4354-A033-0B9DE6DC2A4B}.Release|Any CPU.ActiveCfg = Release|Any CPU
		{C2767116-F7F6-4354-A033-0B9DE6DC2A4B}.Release|Any CPU.Build.0 = Release|Any CPU
		{06ABC66E-6552-4C1C-9CDE-B0E7643CCF44}.Debug|Any CPU.ActiveCfg = Debug|Any CPU
		{06ABC66E-6552-4C1C-9CDE-B0E7643CCF44}.Debug|Any CPU.Build.0 = Debug|Any CPU
		{06ABC66E-6552-4C1C-9CDE-B0E7643CCF44}.Release|Any CPU.ActiveCfg = Release|Any CPU
		{06ABC66E-6552-4C1C-9CDE-B0E7643CCF44}.Release|Any CPU.Build.0 = Release|Any CPU
		{2E229EFA-7238-4FED-9AA6-81FAA4C48B95}.Debug|Any CPU.ActiveCfg = Debug|Any CPU
		{2E229EFA-7238-4FED-9AA6-81FAA4C48B95}.Debug|Any CPU.Build.0 = Debug|Any CPU
		{2E229EFA-7238-4FED-9AA6-81FAA4C48B95}.Release|Any CPU.ActiveCfg = Release|Any CPU
		{2E229EFA-7238-4FED-9AA6-81FAA4C48B95}.Release|Any CPU.Build.0 = Release|Any CPU
		{9369D4E8-D88E-4D75-8407-3ECC128D8008}.Debug|Any CPU.ActiveCfg = Debug|Any CPU
		{9369D4E8-D88E-4D75-8407-3ECC128D8008}.Debug|Any CPU.Build.0 = Debug|Any CPU
		{9369D4E8-D88E-4D75-8407-3ECC128D8008}.Release|Any CPU.ActiveCfg = Release|Any CPU
		{9369D4E8-D88E-4D75-8407-3ECC128D8008}.Release|Any CPU.Build.0 = Release|Any CPU
		{B5FCDC0F-29F8-404F-ACFE-91A68FF55601}.Debug|Any CPU.ActiveCfg = Debug|Any CPU
		{B5FCDC0F-29F8-404F-ACFE-91A68FF55601}.Debug|Any CPU.Build.0 = Debug|Any CPU
		{B5FCDC0F-29F8-404F-ACFE-91A68FF55601}.Release|Any CPU.ActiveCfg = Release|Any CPU
		{B5FCDC0F-29F8-404F-ACFE-91A68FF55601}.Release|Any CPU.Build.0 = Release|Any CPU
		{7EB93D14-F255-445F-8481-FF2AB3D756DA}.Debug|Any CPU.ActiveCfg = Debug|Any CPU
		{7EB93D14-F255-445F-8481-FF2AB3D756DA}.Debug|Any CPU.Build.0 = Debug|Any CPU
		{7EB93D14-F255-445F-8481-FF2AB3D756DA}.Release|Any CPU.ActiveCfg = Release|Any CPU
		{7EB93D14-F255-445F-8481-FF2AB3D756DA}.Release|Any CPU.Build.0 = Release|Any CPU
		{900F7DBF-A55C-45C4-B8D8-29C6B4B82301}.Debug|Any CPU.ActiveCfg = Debug|Any CPU
		{900F7DBF-A55C-45C4-B8D8-29C6B4B82301}.Debug|Any CPU.Build.0 = Debug|Any CPU
		{900F7DBF-A55C-45C4-B8D8-29C6B4B82301}.Release|Any CPU.ActiveCfg = Release|Any CPU
		{900F7DBF-A55C-45C4-B8D8-29C6B4B82301}.Release|Any CPU.Build.0 = Release|Any CPU
		{A94AD1EA-9F35-4E30-8D74-B430601EFFCF}.Debug|Any CPU.ActiveCfg = Debug|Any CPU
		{A94AD1EA-9F35-4E30-8D74-B430601EFFCF}.Debug|Any CPU.Build.0 = Debug|Any CPU
		{A94AD1EA-9F35-4E30-8D74-B430601EFFCF}.Release|Any CPU.ActiveCfg = Release|Any CPU
		{A94AD1EA-9F35-4E30-8D74-B430601EFFCF}.Release|Any CPU.Build.0 = Release|Any CPU
		{F28E60B2-3CDD-49DE-9221-D1E5381212E9}.Debug|Any CPU.ActiveCfg = Debug|Any CPU
		{F28E60B2-3CDD-49DE-9221-D1E5381212E9}.Debug|Any CPU.Build.0 = Debug|Any CPU
		{F28E60B2-3CDD-49DE-9221-D1E5381212E9}.Release|Any CPU.ActiveCfg = Release|Any CPU
		{F28E60B2-3CDD-49DE-9221-D1E5381212E9}.Release|Any CPU.Build.0 = Release|Any CPU
		{ECD21557-3003-41D2-9B03-5175F160129E}.Debug|Any CPU.ActiveCfg = Debug|Any CPU
		{ECD21557-3003-41D2-9B03-5175F160129E}.Debug|Any CPU.Build.0 = Debug|Any CPU
		{ECD21557-3003-41D2-9B03-5175F160129E}.Release|Any CPU.ActiveCfg = Release|Any CPU
		{ECD21557-3003-41D2-9B03-5175F160129E}.Release|Any CPU.Build.0 = Release|Any CPU
		{40C686CF-12FA-4FBA-AC28-EAD4F37B50BC}.Debug|Any CPU.ActiveCfg = Debug|Any CPU
		{40C686CF-12FA-4FBA-AC28-EAD4F37B50BC}.Debug|Any CPU.Build.0 = Debug|Any CPU
		{40C686CF-12FA-4FBA-AC28-EAD4F37B50BC}.Release|Any CPU.ActiveCfg = Release|Any CPU
		{40C686CF-12FA-4FBA-AC28-EAD4F37B50BC}.Release|Any CPU.Build.0 = Release|Any CPU
		{60AA279B-C8EF-4220-89D5-295741ABFFAC}.Debug|Any CPU.ActiveCfg = Debug|Any CPU
		{60AA279B-C8EF-4220-89D5-295741ABFFAC}.Debug|Any CPU.Build.0 = Debug|Any CPU
		{60AA279B-C8EF-4220-89D5-295741ABFFAC}.Release|Any CPU.ActiveCfg = Release|Any CPU
		{60AA279B-C8EF-4220-89D5-295741ABFFAC}.Release|Any CPU.Build.0 = Release|Any CPU
	EndGlobalSection
	GlobalSection(SolutionProperties) = preSolution
		HideSolutionNode = FALSE
	EndGlobalSection
	GlobalSection(NestedProjects) = preSolution
		{A0E78C8A-9A0B-443D-AC36-1701E1B5F2EE} = {E47E4F86-13A6-4617-9772-BB1140FDBAFA}
		{AADBD584-4E78-4410-A803-8424FF0527C8} = {A0E78C8A-9A0B-443D-AC36-1701E1B5F2EE}
		{C098920E-0ED8-4C83-A131-11648D7BFEE1} = {E47E4F86-13A6-4617-9772-BB1140FDBAFA}
		{FC218B65-943D-48E2-B06B-0B51D80C9BC1} = {C098920E-0ED8-4C83-A131-11648D7BFEE1}
		{5F1068DE-86FE-4C37-8306-F7B0CF46AE1F} = {C098920E-0ED8-4C83-A131-11648D7BFEE1}
		{B3BD26C9-8906-4BB8-AC88-F4D4DF6BEB24} = {E47E4F86-13A6-4617-9772-BB1140FDBAFA}
		{BE3C6906-DCD6-4D29-84E4-A201F0F60BC1} = {B3BD26C9-8906-4BB8-AC88-F4D4DF6BEB24}
		{1FF9347E-0697-4F69-A001-74772E1F4D00} = {BE3C6906-DCD6-4D29-84E4-A201F0F60BC1}
		{F4857C33-3FBD-4D77-85F7-745C06878CB0} = {BE3C6906-DCD6-4D29-84E4-A201F0F60BC1}
		{7D242AA0-A4BB-40BA-B52A-1D0EEE7AD2B3} = {BE3C6906-DCD6-4D29-84E4-A201F0F60BC1}
		{01910FF6-8385-4816-BE42-CE9E00F64AE5} = {BE3C6906-DCD6-4D29-84E4-A201F0F60BC1}
		{EC244BD5-78EA-41D4-804B-D25F5ED06444} = {E47E4F86-13A6-4617-9772-BB1140FDBAFA}
		{F78A1A29-A5B5-4E4B-B2DC-11A0215C7D62} = {EC244BD5-78EA-41D4-804B-D25F5ED06444}
		{EA26FA72-E1FC-46EA-A3FB-20F28354F3AB} = {B3BD26C9-8906-4BB8-AC88-F4D4DF6BEB24}
		{8DBC9230-3307-4D10-9D9C-404D7A4615A6} = {EA26FA72-E1FC-46EA-A3FB-20F28354F3AB}
		{FDF2A301-AF78-400D-A6FA-664619160D9C} = {EA26FA72-E1FC-46EA-A3FB-20F28354F3AB}
		{F76C4870-6728-4631-8EE1-4FFBCDC81768} = {EA26FA72-E1FC-46EA-A3FB-20F28354F3AB}
		{E60D9665-708C-482A-B491-B848E990091E} = {EA26FA72-E1FC-46EA-A3FB-20F28354F3AB}
		{5CE29668-9362-4010-9F85-CEE12D584712} = {B3BD26C9-8906-4BB8-AC88-F4D4DF6BEB24}
		{A20A9D79-1CF5-4245-A798-9A21F0FB5F6D} = {5CE29668-9362-4010-9F85-CEE12D584712}
		{49B12E86-3352-43CA-A566-B386934F2AFD} = {5CE29668-9362-4010-9F85-CEE12D584712}
		{C2767116-F7F6-4354-A033-0B9DE6DC2A4B} = {5CE29668-9362-4010-9F85-CEE12D584712}
		{6F157475-F22C-48A8-BEFA-7D07639487E3} = {B3BD26C9-8906-4BB8-AC88-F4D4DF6BEB24}
		{06ABC66E-6552-4C1C-9CDE-B0E7643CCF44} = {6F157475-F22C-48A8-BEFA-7D07639487E3}
		{2E229EFA-7238-4FED-9AA6-81FAA4C48B95} = {6F157475-F22C-48A8-BEFA-7D07639487E3}
		{9369D4E8-D88E-4D75-8407-3ECC128D8008} = {6F157475-F22C-48A8-BEFA-7D07639487E3}
		{B5FCDC0F-29F8-404F-ACFE-91A68FF55601} = {6F157475-F22C-48A8-BEFA-7D07639487E3}
		{7EB93D14-F255-445F-8481-FF2AB3D756DA} = {C098920E-0ED8-4C83-A131-11648D7BFEE1}
		{5AFE98AA-638D-46C4-AD4A-DAAD91561E2B} = {B3BD26C9-8906-4BB8-AC88-F4D4DF6BEB24}
		{900F7DBF-A55C-45C4-B8D8-29C6B4B82301} = {5AFE98AA-638D-46C4-AD4A-DAAD91561E2B}
		{A94AD1EA-9F35-4E30-8D74-B430601EFFCF} = {5AFE98AA-638D-46C4-AD4A-DAAD91561E2B}
		{F28E60B2-3CDD-49DE-9221-D1E5381212E9} = {5AFE98AA-638D-46C4-AD4A-DAAD91561E2B}
		{8BC9B613-1A58-4193-8F1B-E706FE7F868B} = {E47E4F86-13A6-4617-9772-BB1140FDBAFA}
		{ECD21557-3003-41D2-9B03-5175F160129E} = {8BC9B613-1A58-4193-8F1B-E706FE7F868B}
		{40C686CF-12FA-4FBA-AC28-EAD4F37B50BC} = {8BC9B613-1A58-4193-8F1B-E706FE7F868B}
		{60AA279B-C8EF-4220-89D5-295741ABFFAC} = {5CE29668-9362-4010-9F85-CEE12D584712}
	EndGlobalSection
	GlobalSection(ExtensibilityGlobals) = postSolution
		SolutionGuid = {31F4A1E2-0642-4D74-B0ED-65A71BEA285B}
	EndGlobalSection
EndGlobal
